
Microsoft Visual Studio Solution File, Format Version 12.00
# Visual Studio Version 17
VisualStudioVersion = 17.14.36717.8
MinimumVisualStudioVersion = 10.0.40219.1
Project("{2150E333-8FDC-42A3-9474-1A3956D46DE8}") = "src", "src", "{305D5F6F-F160-4410-8811-DC8D292B80AB}"
EndProject
Project("{FAE04EC0-301F-11D3-BF4B-00C04F79EFBC}") = "BlazorRBAC.Doc", "BlazorRBAC.Doc\BlazorRBAC.Doc.csproj", "{8B9FA7E3-B4F8-486C-8D05-CB7B06DACCD3}"
EndProject
Project("{FAE04EC0-301F-11D3-BF4B-00C04F79EFBC}") = "BlazorRBAC.Domain", "BlazorRBAC.Domain\BlazorRBAC.Domain.csproj", "{F1248E64-B9E1-456E-87EB-DAE0F4673B2D}"
EndProject
Project("{FAE04EC0-301F-11D3-BF4B-00C04F79EFBC}") = "BlazorRBAC.Application", "BlazorRBAC.Application\BlazorRBAC.Application.csproj", "{B78C7A9B-E8CB-48EC-B347-5FD7F568CBD6}"
EndProject
Project("{FAE04EC0-301F-11D3-BF4B-00C04F79EFBC}") = "BlazorRBAC.Infrastructure", "BlazorRBAC.Infrastructure\BlazorRBAC.Infrastructure.csproj", "{2C762B75-0984-48E4-A057-5812A6C7E979}"
EndProject
Project("{FAE04EC0-301F-11D3-BF4B-00C04F79EFBC}") = "BlazorRBAC.Api", "BlazorRBAC.Api\BlazorRBAC.Api.csproj", "{16753B77-6581-4F6F-9DE1-3A1D0E3D4C2F}"
EndProject
Project("{FAE04EC0-301F-11D3-BF4B-00C04F79EFBC}") = "BlazorRBAC.Web", "BlazorRBAC.Web\BlazorRBAC.Web.csproj", "{6146D9C7-ED7E-45C9-88EE-65018E911901}"
EndProject
Global
	GlobalSection(SolutionConfigurationPlatforms) = preSolution
		Debug|Any CPU = Debug|Any CPU
		Release|Any CPU = Release|Any CPU
	EndGlobalSection
	GlobalSection(ProjectConfigurationPlatforms) = postSolution
		{8B9FA7E3-B4F8-486C-8D05-CB7B06DACCD3}.Debug|Any CPU.ActiveCfg = Debug|Any CPU
		{8B9FA7E3-B4F8-486C-8D05-CB7B06DACCD3}.Debug|Any CPU.Build.0 = Debug|Any CPU
		{8B9FA7E3-B4F8-486C-8D05-CB7B06DACCD3}.Release|Any CPU.ActiveCfg = Release|Any CPU
		{8B9FA7E3-B4F8-486C-8D05-CB7B06DACCD3}.Release|Any CPU.Build.0 = Release|Any CPU
		{F1248E64-B9E1-456E-87EB-DAE0F4673B2D}.Debug|Any CPU.ActiveCfg = Debug|Any CPU
		{F1248E64-B9E1-456E-87EB-DAE0F4673B2D}.Debug|Any CPU.Build.0 = Debug|Any CPU
		{F1248E64-B9E1-456E-87EB-DAE0F4673B2D}.Release|Any CPU.ActiveCfg = Release|Any CPU
		{F1248E64-B9E1-456E-87EB-DAE0F4673B2D}.Release|Any CPU.Build.0 = Release|Any CPU
		{B78C7A9B-E8CB-48EC-B347-5FD7F568CBD6}.Debug|Any CPU.ActiveCfg = Debug|Any CPU
		{B78C7A9B-E8CB-48EC-B347-5FD7F568CBD6}.Debug|Any CPU.Build.0 = Debug|Any CPU
		{B78C7A9B-E8CB-48EC-B347-5FD7F568CBD6}.Release|Any CPU.ActiveCfg = Release|Any CPU
		{B78C7A9B-E8CB-48EC-B347-5FD7F568CBD6}.Release|Any CPU.Build.0 = Release|Any CPU
		{2C762B75-0984-48E4-A057-5812A6C7E979}.Debug|Any CPU.ActiveCfg = Debug|Any CPU
		{2C762B75-0984-48E4-A057-5812A6C7E979}.Debug|Any CPU.Build.0 = Debug|Any CPU
		{2C762B75-0984-48E4-A057-5812A6C7E979}.Release|Any CPU.ActiveCfg = Release|Any CPU
		{2C762B75-0984-48E4-A057-5812A6C7E979}.Release|Any CPU.Build.0 = Release|Any CPU
		{16753B77-6581-4F6F-9DE1-3A1D0E3D4C2F}.Debug|Any CPU.ActiveCfg = Debug|Any CPU
		{16753B77-6581-4F6F-9DE1-3A1D0E3D4C2F}.Debug|Any CPU.Build.0 = Debug|Any CPU
		{16753B77-6581-4F6F-9DE1-3A1D0E3D4C2F}.Release|Any CPU.ActiveCfg = Release|Any CPU
		{16753B77-6581-4F6F-9DE1-3A1D0E3D4C2F}.Release|Any CPU.Build.0 = Release|Any CPU
		{6146D9C7-ED7E-45C9-88EE-65018E911901}.Debug|Any CPU.ActiveCfg = Debug|Any CPU
		{6146D9C7-ED7E-45C9-88EE-65018E911901}.Debug|Any CPU.Build.0 = Debug|Any CPU
		{6146D9C7-ED7E-45C9-88EE-65018E911901}.Release|Any CPU.ActiveCfg = Release|Any CPU
		{6146D9C7-ED7E-45C9-88EE-65018E911901}.Release|Any CPU.Build.0 = Release|Any CPU
	EndGlobalSection
	GlobalSection(SolutionProperties) = preSolution
		HideSolutionNode = FALSE
	EndGlobalSection
	GlobalSection(NestedProjects) = preSolution
		{F1248E64-B9E1-456E-87EB-DAE0F4673B2D} = {305D5F6F-F160-4410-8811-DC8D292B80AB}
		{B78C7A9B-E8CB-48EC-B347-5FD7F568CBD6} = {305D5F6F-F160-4410-8811-DC8D292B80AB}
		{2C762B75-0984-48E4-A057-5812A6C7E979} = {305D5F6F-F160-4410-8811-DC8D292B80AB}
		{16753B77-6581-4F6F-9DE1-3A1D0E3D4C2F} = {305D5F6F-F160-4410-8811-DC8D292B80AB}
		{6146D9C7-ED7E-45C9-88EE-65018E911901} = {305D5F6F-F160-4410-8811-DC8D292B80AB}
	EndGlobalSection
	GlobalSection(ExtensibilityGlobals) = postSolution
		SolutionGuid = {DC6ABC56-8F4B-430A-8D09-AFF0EC639CDB}
	EndGlobalSection
EndGlobal
